
Microsoft Visual Studio Solution File, Format Version 12.00
# Visual Studio Version 17
VisualStudioVersion = 17.2.32602.215
MinimumVisualStudioVersion = 10.0.40219.1
Project("{FAE04EC0-301F-11D3-BF4B-00C04F79EFBC}") = "BankingConsoleApp", "BankingConsoleApp\BankingConsoleApp.csproj", "{A709518C-0384-470B-B96A-6C6F86E5647C}"
EndProject
Global
	GlobalSection(SolutionConfigurationPlatforms) = preSolution
		Debug|Any CPU = Debug|Any CPU
		Release|Any CPU = Release|Any CPU
	EndGlobalSection
	GlobalSection(ProjectConfigurationPlatforms) = postSolution
		{A709518C-0384-470B-B96A-6C6F86E5647C}.Debug|Any CPU.ActiveCfg = Debug|Any CPU
		{A709518C-0384-470B-B96A-6C6F86E5647C}.Debug|Any CPU.Build.0 = Debug|Any CPU
		{A709518C-0384-470B-B96A-6C6F86E5647C}.Release|Any CPU.ActiveCfg = Release|Any CPU
		{A709518C-0384-470B-B96A-6C6F86E5647C}.Release|Any CPU.Build.0 = Release|Any CPU
	EndGlobalSection
	GlobalSection(SolutionProperties) = preSolution
		HideSolutionNode = FALSE
	EndGlobalSection
	GlobalSection(ExtensibilityGlobals) = postSolution
		SolutionGuid = {92452025-FE33-418B-8FE7-310690D28545}
	EndGlobalSection
EndGlobal
